
Microsoft Visual Studio Solution File, Format Version 12.00
# Visual Studio 15
VisualStudioVersion = 15.0.28307.1062
MinimumVisualStudioVersion = 10.0.40219.1
Project("{FAE04EC0-301F-11D3-BF4B-00C04F79EFBC}") = "ConsoleApp1", "ConsoleApp1\ConsoleApp1.csproj", "{214ED4C3-B8B2-4E02-9562-04D958405754}"
EndProject
Global
	GlobalSection(SolutionConfigurationPlatforms) = preSolution
		Debug|Any CPU = Debug|Any CPU
		Release|Any CPU = Release|Any CPU
	EndGlobalSection
	GlobalSection(ProjectConfigurationPlatforms) = postSolution
		{214ED4C3-B8B2-4E02-9562-04D958405754}.Debug|Any CPU.ActiveCfg = Debug|Any CPU
		{214ED4C3-B8B2-4E02-9562-04D958405754}.Debug|Any CPU.Build.0 = Debug|Any CPU
		{214ED4C3-B8B2-4E02-9562-04D958405754}.Release|Any CPU.ActiveCfg = Release|Any CPU
		{214ED4C3-B8B2-4E02-9562-04D958405754}.Release|Any CPU.Build.0 = Release|Any CPU
	EndGlobalSection
	GlobalSection(SolutionProperties) = preSolution
		HideSolutionNode = FALSE
	EndGlobalSection
	GlobalSection(ExtensibilityGlobals) = postSolution
		SolutionGuid = {C42FA5AD-60C3-4EB5-BCCA-76140B4F0FEA}
	EndGlobalSection
EndGlobal
